{
  "name": "managing-files-with-nodejs",
  "version": "1.0.0",
  "lockfileVersion": 1,
  "requires": true,
  "dependencies": {
    "camelcase": {
      "version": "6.2.1",
      "resolved": "https://registry.npmjs.org/camelcase/-/camelcase-6.2.1.tgz",
      "integrity": "sha512-tVI4q5jjFV5CavAU8DXfza/TJcZutVKo/5Foskmsqcm0MsL91moHvwiGNnqaa2o6PF/7yT5ikDRcVcl8Rj6LCA=="
    },
    "fs": {
      "version": "0.0.1-security",
      "resolved": "https://registry.npmjs.org/fs/-/fs-0.0.1-security.tgz",
      "integrity": "sha1-invTcYa23d84E/I4WLV+yq9eQdQ="
    }
  }
}
